
Microsoft Visual Studio Solution File, Format Version 12.00
# Visual Studio 2012
Project("{8BC9CEB8-8B4A-11D0-8D11-00A0C91BC942}") = "Application", "Application.vcxproj", "{F1F1FD1C-C761-4AEC-9AC5-4862F8F47E81}"
EndProject
Global
	GlobalSection(SolutionConfigurationPlatforms) = preSolution
		Debug|Win32 = Debug|Win32
		Release|Win32 = Release|Win32
	EndGlobalSection
	GlobalSection(ProjectConfigurationPlatforms) = postSolution
		{F1F1FD1C-C761-4AEC-9AC5-4862F8F47E81}.Debug|Win32.ActiveCfg = Debug|Win32
		{F1F1FD1C-C761-4AEC-9AC5-4862F8F47E81}.Debug|Win32.Build.0 = Debug|Win32
		{F1F1FD1C-C761-4AEC-9AC5-4862F8F47E81}.Release|Win32.ActiveCfg = Release|Win32
		{F1F1FD1C-C761-4AEC-9AC5-4862F8F47E81}.Release|Win32.Build.0 = Release|Win32
	EndGlobalSection
	GlobalSection(SolutionProperties) = preSolution
		HideSolutionNode = FALSE
	EndGlobalSection
EndGlobal
